// !$*UTF8*$!
{
	archiveVersion = 1;
	classes = {
	};
	objectVersion = 46;
	objects = {

/* Begin PBXBuildFile section */
		69791C8720B7660B0002DEAD /* AppDelegate.swift in Sources */ = {isa = PBXBuildFile; fileRef = 69791C8620B7660B0002DEAD /* AppDelegate.swift */; };
		69791C8920B7660B0002DEAD /* ViewController.swift in Sources */ = {isa = PBXBuildFile; fileRef = 69791C8820B7660B0002DEAD /* ViewController.swift */; };
		69791C8C20B7660B0002DEAD /* Main.storyboard in Resources */ = {isa = PBXBuildFile; fileRef = 69791C8A20B7660B0002DEAD /* Main.storyboard */; };
		69791C8E20B7660B0002DEAD /* Assets.xcassets in Resources */ = {isa = PBXBuildFile; fileRef = 69791C8D20B7660B0002DEAD /* Assets.xcassets */; };
		69791C9120B7660B0002DEAD /* LaunchScreen.storyboard in Resources */ = {isa = PBXBuildFile; fileRef = 69791C8F20B7660B0002DEAD /* LaunchScreen.storyboard */; };
		69791C9A20B7674B0002DEAD /* Constants.swift in Sources */ = {isa = PBXBuildFile; fileRef = 69791C9920B7674B0002DEAD /* Constants.swift */; };
/* End PBXBuildFile section */

/* Begin PBXFileReference section */
		69791C8320B7660B0002DEAD /* wallet-stone.app */ = {isa = PBXFileReference; explicitFileType = wrapper.application; includeInIndex = 0; path = "wallet-stone.app"; sourceTree = BUILT_PRODUCTS_DIR; };
		69791C8620B7660B0002DEAD /* AppDelegate.swift */ = {isa = PBXFileReference; lastKnownFileType = sourcecode.swift; path = AppDelegate.swift; sourceTree = "<group>"; };
		69791C8820B7660B0002DEAD /* ViewController.swift */ = {isa = PBXFileReference; lastKnownFileType = sourcecode.swift; path = ViewController.swift; sourceTree = "<group>"; };
		69791C8B20B7660B0002DEAD /* Base */ = {isa = PBXFileReference; lastKnownFileType = file.storyboard; name = Base; path = Base.lproj/Main.storyboard; sourceTree = "<group>"; };
		69791C8D20B7660B0002DEAD /* Assets.xcassets */ = {isa = PBXFileReference; lastKnownFileType = folder.assetcatalog; path = Assets.xcassets; sourceTree = "<group>"; };
		69791C9020B7660B0002DEAD /* Base */ = {isa = PBXFileReference; lastKnownFileType = file.storyboard; name = Base; path = Base.lproj/LaunchScreen.storyboard; sourceTree = "<group>"; };
		69791C9220B7660B0002DEAD /* Info.plist */ = {isa = PBXFileReference; lastKnownFileType = text.plist.xml; path = Info.plist; sourceTree = "<group>"; };
		69791C9920B7674B0002DEAD /* Constants.swift */ = {isa = PBXFileReference; fileEncoding = 4; lastKnownFileType = sourcecode.swift; path = Constants.swift; sourceTree = "<group>"; };
/* End PBXFileReference section */

/* Begin PBXFrameworksBuildPhase section */
		69791C8020B7660B0002DEAD /* Frameworks */ = {
			isa = PBXFrameworksBuildPhase;
			buildActionMask = 2147483647;
			files = (
			);
			runOnlyForDeploymentPostprocessing = 0;
		};
/* End PBXFrameworksBuildPhase section */

/* Begin PBXGroup section */
		69791C7A20B7660B0002DEAD = {
			isa = PBXGroup;
			children = (
				69791C8520B7660B0002DEAD /* wallet-stone */,
				69791C8420B7660B0002DEAD /* Products */,
			);
			sourceTree = "<group>";
		};
		69791C8420B7660B0002DEAD /* Products */ = {
			isa = PBXGroup;
			children = (
				69791C8320B7660B0002DEAD /* wallet-stone.app */,
			);
			name = Products;
			sourceTree = "<group>";
		};
		69791C8520B7660B0002DEAD /* wallet-stone */ = {
			isa = PBXGroup;
			children = (
				69791C9820B7673B0002DEAD /* Help */,
				69791C8620B7660B0002DEAD /* AppDelegate.swift */,
				69791C8820B7660B0002DEAD /* ViewController.swift */,
				69791C8A20B7660B0002DEAD /* Main.storyboard */,
				69791C8D20B7660B0002DEAD /* Assets.xcassets */,
				69791C8F20B7660B0002DEAD /* LaunchScreen.storyboard */,
				69791C9220B7660B0002DEAD /* Info.plist */,
			);
			path = "wallet-stone";
			sourceTree = "<group>";
		};
		69791C9820B7673B0002DEAD /* Help */ = {
			isa = PBXGroup;
			children = (
				69791C9920B7674B0002DEAD /* Constants.swift */,
			);
			name = Help;
			sourceTree = "<group>";
		};
/* End PBXGroup section */

/* Begin PBXNativeTarget section */
		69791C8220B7660B0002DEAD /* wallet-stone */ = {
			isa = PBXNativeTarget;
			buildConfigurationList = 69791C9520B7660B0002DEAD /* Build configuration list for PBXNativeTarget "wallet-stone" */;
			buildPhases = (
				69791C7F20B7660B0002DEAD /* Sources */,
				69791C8020B7660B0002DEAD /* Frameworks */,
				69791C8120B7660B0002DEAD /* Resources */,
			);
			buildRules = (
			);
			dependencies = (
			);
			name = "wallet-stone";
			productName = "wallet-stone";
			productReference = 69791C8320B7660B0002DEAD /* wallet-stone.app */;
			productType = "com.apple.product-type.application";
		};
/* End PBXNativeTarget section */

/* Begin PBXProject section */
		69791C7B20B7660B0002DEAD /* Project object */ = {
			isa = PBXProject;
			attributes = {
				LastSwiftUpdateCheck = 0830;
				LastUpgradeCheck = 0830;
				ORGANIZATIONNAME = "Luis Felipe Tapajos";
				TargetAttributes = {
					69791C8220B7660B0002DEAD = {
						CreatedOnToolsVersion = 8.3.2;
						DevelopmentTeam = WKFLY4V8UQ;
						ProvisioningStyle = Automatic;
					};
				};
			};
			buildConfigurationList = 69791C7E20B7660B0002DEAD /* Build configuration list for PBXProject "wallet-stone" */;
			compatibilityVersion = "Xcode 3.2";
			developmentRegion = English;
			hasScannedForEncodings = 0;
			knownRegions = (
				en,
				Base,
			);
			mainGroup = 69791C7A20B7660B0002DEAD;
			productRefGroup = 69791C8420B7660B0002DEAD /* Products */;
			projectDirPath = "";
			projectRoot = "";
			targets = (
				69791C8220B7660B0002DEAD /* wallet-stone */,
			);
		};
/* End PBXProject section */

/* Begin PBXResourcesBuildPhase section */
		69791C8120B7660B0002DEAD /* Resources */ = {
			isa = PBXResourcesBuildPhase;
			buildActionMask = 2147483647;
			files = (
				69791C9120B7660B0002DEAD /* LaunchScreen.storyboard in Resources */,
				69791C8E20B7660B0002DEAD /* Assets.xcassets in Resources */,
				69791C8C20B7660B0002DEAD /* Main.storyboard in Resources */,
			);
			runOnlyForDeploymentPostprocessing = 0;
		};
/* End PBXResourcesBuildPhase section */

/* Begin PBXSourcesBuildPhase section */
		69791C7F20B7660B0002DEAD /* Sources */ = {
			isa = PBXSourcesBuildPhase;
			buildActionMask = 2147483647;
			files = (
				69791C8920B7660B0002DEAD /* ViewController.swift in Sources */,
				69791C8720B7660B0002DEAD /* AppDelegate.swift in Sources */,
				69791C9A20B7674B0002DEAD /* Constants.swift in Sources */,
			);
			runOnlyForDeploymentPostprocessing = 0;
		};
/* End PBXSourcesBuildPhase section */

/* Begin PBXVariantGroup section */
		69791C8A20B7660B0002DEAD /* Main.storyboard */ = {
			isa = PBXVariantGroup;
			children = (
				69791C8B20B7660B0002DEAD /* Base */,
			);
			name = Main.storyboard;
			sourceTree = "<group>";
		};
		69791C8F20B7660B0002DEAD /* LaunchScreen.storyboard */ = {
			isa = PBXVariantGroup;
			children = (
				69791C9020B7660B0002DEAD /* Base */,
			);
			name = LaunchScreen.storyboard;
			sourceTree = "<group>";
		};
/* End PBXVariantGroup section */

/* Begin XCBuildConfiguration section */
		69791C9320B7660B0002DEAD /* Debug */ = {
			isa = XCBuildConfiguration;
			buildSettings = {
				ALWAYS_SEARCH_USER_PATHS = NO;
				CLANG_ANALYZER_NONNULL = YES;
				CLANG_ANALYZER_NUMBER_OBJECT_CONVERSION = YES_AGGRESSIVE;
				CLANG_CXX_LANGUAGE_STANDARD = "gnu++0x";
				CLANG_CXX_LIBRARY = "libc++";
				CLANG_ENABLE_MODULES = YES;
				CLANG_ENABLE_OBJC_ARC = YES;
				CLANG_WARN_BOOL_CONVERSION = YES;
				CLANG_WARN_CONSTANT_CONVERSION = YES;
				CLANG_WARN_DIRECT_OBJC_ISA_USAGE = YES_ERROR;
				CLANG_WARN_DOCUMENTATION_COMMENTS = YES;
				CLANG_WARN_EMPTY_BODY = YES;
				CLANG_WARN_ENUM_CONVERSION = YES;
				CLANG_WARN_INFINITE_RECURSION = YES;
				CLANG_WARN_INT_CONVERSION = YES;
				CLANG_WARN_OBJC_ROOT_CLASS = YES_ERROR;
				CLANG_WARN_SUSPICIOUS_MOVE = YES;
				CLANG_WARN_UNREACHABLE_CODE = YES;
				CLANG_WARN__DUPLICATE_METHOD_MATCH = YES;
				"CODE_SIGN_IDENTITY[sdk=iphoneos*]" = "iPhone Developer";
				COPY_PHASE_STRIP = NO;
				DEBUG_INFORMATION_FORMAT = dwarf;
				ENABLE_STRICT_OBJC_MSGSEND = YES;
				ENABLE_TESTABILITY = YES;
				GCC_C_LANGUAGE_STANDARD = gnu99;
				GCC_DYNAMIC_NO_PIC = NO;
				GCC_NO_COMMON_BLOCKS = YES;
				GCC_OPTIMIZATION_LEVEL = 0;
				GCC_PREPROCESSOR_DEFINITIONS = (
					"DEBUG=1",
					"$(inherited)",
				);
				GCC_WARN_64_TO_32_BIT_CONVERSION = YES;
				GCC_WARN_ABOUT_RETURN_TYPE = YES_ERROR;
				GCC_WARN_UNDECLARED_SELECTOR = YES;
				GCC_WARN_UNINITIALIZED_AUTOS = YES_AGGRESSIVE;
				GCC_WARN_UNUSED_FUNCTION = YES;
				GCC_WARN_UNUSED_VARIABLE = YES;
				IPHONEOS_DEPLOYMENT_TARGET = 10.3;
				MTL_ENABLE_DEBUG_INFO = YES;
				ONLY_ACTIVE_ARCH = YES;
				SDKROOT = iphoneos;
				SWIFT_ACTIVE_COMPILATION_CONDITIONS = DEBUG;
				SWIFT_OPTIMIZATION_LEVEL = "-Onone";
			};
			name = Debug;
		};
		69791C9420B7660B0002DEAD /* Release */ = {
			isa = XCBuildConfiguration;
			buildSettings = {
				ALWAYS_SEARCH_USER_PATHS = NO;
				CLANG_ANALYZER_NONNULL = YES;
				CLANG_ANALYZER_NUMBER_OBJECT_CONVERSION = YES_AGGRESSIVE;
				CLANG_CXX_LANGUAGE_STANDARD = "gnu++0x";
				CLANG_CXX_LIBRARY = "libc++";
				CLANG_ENABLE_MODULES = YES;
				CLANG_ENABLE_OBJC_ARC = YES;
				CLANG_WARN_BOOL_CONVERSION = YES;
				CLANG_WARN_CONSTANT_CONVERSION = YES;
				CLANG_WARN_DIRECT_OBJC_ISA_USAGE = YES_ERROR;
				CLANG_WARN_DOCUMENTATION_COMMENTS = YES;
				CLANG_WARN_EMPTY_BODY = YES;
				CLANG_WARN_ENUM_CONVERSION = YES;
				CLANG_WARN_INFINITE_RECURSION = YES;
				CLANG_WARN_INT_CONVERSION = YES;
				CLANG_WARN_OBJC_ROOT_CLASS = YES_ERROR;
				CLANG_WARN_SUSPICIOUS_MOVE = YES;
				CLANG_WARN_UNREACHABLE_CODE = YES;
				CLANG_WARN__DUPLICATE_METHOD_MATCH = YES;
				"CODE_SIGN_IDENTITY[sdk=iphoneos*]" = "iPhone Developer";
				COPY_PHASE_STRIP = NO;
				DEBUG_INFORMATION_FORMAT = "dwarf-with-dsym";
				ENABLE_NS_ASSERTIONS = NO;
				ENABLE_STRICT_OBJC_MSGSEND = YES;
				GCC_C_LANGUAGE_STANDARD = gnu99;
				GCC_NO_COMMON_BLOCKS = YES;
				GCC_WARN_64_TO_32_BIT_CONVERSION = YES;
				GCC_WARN_ABOUT_RETURN_TYPE = YES_ERROR;
				GCC_WARN_UNDECLARED_SELECTOR = YES;
				GCC_WARN_UNINITIALIZED_AUTOS = YES_AGGRESSIVE;
				GCC_WARN_UNUSED_FUNCTION = YES;
				GCC_WARN_UNUSED_VARIABLE = YES;
				IPHONEOS_DEPLOYMENT_TARGET = 10.3;
				MTL_ENABLE_DEBUG_INFO = NO;
				SDKROOT = iphoneos;
				SWIFT_OPTIMIZATION_LEVEL = "-Owholemodule";
				VALIDATE_PRODUCT = YES;
			};
			name = Release;
		};
		69791C9620B7660B0002DEAD /* Debug */ = {
			isa = XCBuildConfiguration;
			buildSettings = {
				ASSETCATALOG_COMPILER_APPICON_NAME = AppIcon;
				DEVELOPMENT_TEAM = WKFLY4V8UQ;
				INFOPLIST_FILE = "wallet-stone/Info.plist";
				LD_RUNPATH_SEARCH_PATHS = "$(inherited) @executable_path/Frameworks";
				PRODUCT_BUNDLE_IDENTIFIER = "br.com.stone.wallet-stone";
				PRODUCT_NAME = "$(TARGET_NAME)";
				SWIFT_VERSION = 3.0;
			};
			name = Debug;
		};
		69791C9720B7660B0002DEAD /* Release */ = {
			isa = XCBuildConfiguration;
			buildSettings = {
				ASSETCATALOG_COMPILER_APPICON_NAME = AppIcon;
				DEVELOPMENT_TEAM = WKFLY4V8UQ;
				INFOPLIST_FILE = "wallet-stone/Info.plist";
				LD_RUNPATH_SEARCH_PATHS = "$(inherited) @executable_path/Frameworks";
				PRODUCT_BUNDLE_IDENTIFIER = "br.com.stone.wallet-stone";
				PRODUCT_NAME = "$(TARGET_NAME)";
				SWIFT_VERSION = 3.0;
			};
			name = Release;
		};
/* End XCBuildConfiguration section */

/* Begin XCConfigurationList section */
		69791C7E20B7660B0002DEAD /* Build configuration list for PBXProject "wallet-stone" */ = {
			isa = XCConfigurationList;
			buildConfigurations = (
				69791C9320B7660B0002DEAD /* Debug */,
				69791C9420B7660B0002DEAD /* Release */,
			);
			defaultConfigurationIsVisible = 0;
			defaultConfigurationName = Release;
		};
		69791C9520B7660B0002DEAD /* Build configuration list for PBXNativeTarget "wallet-stone" */ = {
			isa = XCConfigurationList;
			buildConfigurations = (
				69791C9620B7660B0002DEAD /* Debug */,
				69791C9720B7660B0002DEAD /* Release */,
			);
			defaultConfigurationIsVisible = 0;
		};
/* End XCConfigurationList section */
	};
	rootObject = 69791C7B20B7660B0002DEAD /* Project object */;
}
