// !$*UTF8*$!
{
	archiveVersion = 1;
	classes = {
	};
	objectVersion = 46;
	objects = {

/* Begin PBXBuildFile section */
		50DF3E150CA9456DF40E85EA /* Pods_wallet_stone.framework in Frameworks */ = {isa = PBXBuildFile; fileRef = 3BDF7ED92A26AE790F6B0490 /* Pods_wallet_stone.framework */; };
		69791CA820B76A520002DEAD /* AppDelegate.swift in Sources */ = {isa = PBXBuildFile; fileRef = 69791CA720B76A520002DEAD /* AppDelegate.swift */; };
		69791CAA20B76A520002DEAD /* ViewController.swift in Sources */ = {isa = PBXBuildFile; fileRef = 69791CA920B76A520002DEAD /* ViewController.swift */; };
		69791CAD20B76A520002DEAD /* Main.storyboard in Resources */ = {isa = PBXBuildFile; fileRef = 69791CAB20B76A520002DEAD /* Main.storyboard */; };
		69791CAF20B76A520002DEAD /* Assets.xcassets in Resources */ = {isa = PBXBuildFile; fileRef = 69791CAE20B76A520002DEAD /* Assets.xcassets */; };
		69791CB220B76A520002DEAD /* LaunchScreen.storyboard in Resources */ = {isa = PBXBuildFile; fileRef = 69791CB020B76A520002DEAD /* LaunchScreen.storyboard */; };
		69791CBB20B76BA70002DEAD /* Constants.swift in Sources */ = {isa = PBXBuildFile; fileRef = 69791CBA20B76BA70002DEAD /* Constants.swift */; };
		69791CBD20B7AA500002DEAD /* APIManager.swift in Sources */ = {isa = PBXBuildFile; fileRef = 69791CBC20B7AA500002DEAD /* APIManager.swift */; };
		69791CC020B7AAA70002DEAD /* ApiResponse.swift in Sources */ = {isa = PBXBuildFile; fileRef = 69791CBF20B7AAA70002DEAD /* ApiResponse.swift */; };
		69791CC920B83A940002DEAD /* button_adicionar.png in Resources */ = {isa = PBXBuildFile; fileRef = 69791CC220B83A940002DEAD /* button_adicionar.png */; };
		69791CCA20B83A940002DEAD /* button_banco.png in Resources */ = {isa = PBXBuildFile; fileRef = 69791CC320B83A940002DEAD /* button_banco.png */; };
		69791CCB20B83A940002DEAD /* button_comprar.png in Resources */ = {isa = PBXBuildFile; fileRef = 69791CC420B83A940002DEAD /* button_comprar.png */; };
		69791CCC20B83A940002DEAD /* button_detalhes.png in Resources */ = {isa = PBXBuildFile; fileRef = 69791CC520B83A940002DEAD /* button_detalhes.png */; };
		69791CCD20B83A940002DEAD /* button_finalizar.png in Resources */ = {isa = PBXBuildFile; fileRef = 69791CC620B83A940002DEAD /* button_finalizar.png */; };
		69791CCE20B83A940002DEAD /* button_lixeira.png in Resources */ = {isa = PBXBuildFile; fileRef = 69791CC720B83A940002DEAD /* button_lixeira.png */; };
		69791CCF20B83A940002DEAD /* button_voltar.png in Resources */ = {isa = PBXBuildFile; fileRef = 69791CC820B83A940002DEAD /* button_voltar.png */; };
		69791CD220B83B2A0002DEAD /* Clientes.xcdatamodeld in Sources */ = {isa = PBXBuildFile; fileRef = 69791CD020B83B2A0002DEAD /* Clientes.xcdatamodeld */; };
		69791CD420B83E330002DEAD /* entrar_button_c.png in Resources */ = {isa = PBXBuildFile; fileRef = 69791CD320B83E330002DEAD /* entrar_button_c.png */; };
		69791CD620B83E430002DEAD /* registrar_button_c.png in Resources */ = {isa = PBXBuildFile; fileRef = 69791CD520B83E430002DEAD /* registrar_button_c.png */; };
		69791CD920B8407F0002DEAD /* RegistrarClienteViewController.swift in Sources */ = {isa = PBXBuildFile; fileRef = 69791CD820B8407F0002DEAD /* RegistrarClienteViewController.swift */; };
		69791CDB20B865450002DEAD /* LoginClienteViewController.swift in Sources */ = {isa = PBXBuildFile; fileRef = 69791CDA20B865450002DEAD /* LoginClienteViewController.swift */; };
		69791CDD20B901870002DEAD /* EntradaViewController.swift in Sources */ = {isa = PBXBuildFile; fileRef = 69791CDC20B901870002DEAD /* EntradaViewController.swift */; };
		69791CE020B980050002DEAD /* AllRealmObjects.swift in Sources */ = {isa = PBXBuildFile; fileRef = 69791CDF20B980050002DEAD /* AllRealmObjects.swift */; };
		69791CE520B98D1B0002DEAD /* Cliente.swift in Sources */ = {isa = PBXBuildFile; fileRef = 69791CE420B98D1B0002DEAD /* Cliente.swift */; };
		69791CE820B9E7520002DEAD /* ListCriptoTableViewCell.swift in Sources */ = {isa = PBXBuildFile; fileRef = 69791CE720B9E7520002DEAD /* ListCriptoTableViewCell.swift */; };
		69791CEA20BA611F0002DEAD /* Brita.swift in Sources */ = {isa = PBXBuildFile; fileRef = 69791CE920BA611F0002DEAD /* Brita.swift */; };
		69791CEC20BAE16C0002DEAD /* PerfilViewController.swift in Sources */ = {isa = PBXBuildFile; fileRef = 69791CEB20BAE16C0002DEAD /* PerfilViewController.swift */; };
		69791CEE20BAEC010002DEAD /* btn_comprar_moeda.png in Resources */ = {isa = PBXBuildFile; fileRef = 69791CED20BAEC010002DEAD /* btn_comprar_moeda.png */; };
		69791CF020BAED5F0002DEAD /* btn_vender_moeda.png in Resources */ = {isa = PBXBuildFile; fileRef = 69791CEF20BAED5F0002DEAD /* btn_vender_moeda.png */; };
		69791CF420BAF48F0002DEAD /* btn_transacoes.png in Resources */ = {isa = PBXBuildFile; fileRef = 69791CF320BAF48F0002DEAD /* btn_transacoes.png */; };
		69791CF620BAF6DF0002DEAD /* Moeda.swift in Sources */ = {isa = PBXBuildFile; fileRef = 69791CF520BAF6DF0002DEAD /* Moeda.swift */; };
		69791CF820BAF84E0002DEAD /* ListMoedasTableViewCell.swift in Sources */ = {isa = PBXBuildFile; fileRef = 69791CF720BAF84E0002DEAD /* ListMoedasTableViewCell.swift */; };
/* End PBXBuildFile section */

/* Begin PBXFileReference section */
		3BDF7ED92A26AE790F6B0490 /* Pods_wallet_stone.framework */ = {isa = PBXFileReference; explicitFileType = wrapper.framework; includeInIndex = 0; path = Pods_wallet_stone.framework; sourceTree = BUILT_PRODUCTS_DIR; };
		6706CD44EF552FB0AC33C779 /* Pods-wallet_stone.debug.xcconfig */ = {isa = PBXFileReference; includeInIndex = 1; lastKnownFileType = text.xcconfig; name = "Pods-wallet_stone.debug.xcconfig"; path = "Pods/Target Support Files/Pods-wallet_stone/Pods-wallet_stone.debug.xcconfig"; sourceTree = "<group>"; };
		69791CA420B76A520002DEAD /* wallet_stone.app */ = {isa = PBXFileReference; explicitFileType = wrapper.application; includeInIndex = 0; path = wallet_stone.app; sourceTree = BUILT_PRODUCTS_DIR; };
		69791CA720B76A520002DEAD /* AppDelegate.swift */ = {isa = PBXFileReference; lastKnownFileType = sourcecode.swift; path = AppDelegate.swift; sourceTree = "<group>"; };
		69791CA920B76A520002DEAD /* ViewController.swift */ = {isa = PBXFileReference; lastKnownFileType = sourcecode.swift; path = ViewController.swift; sourceTree = "<group>"; };
		69791CAC20B76A520002DEAD /* Base */ = {isa = PBXFileReference; lastKnownFileType = file.storyboard; name = Base; path = Base.lproj/Main.storyboard; sourceTree = "<group>"; };
		69791CAE20B76A520002DEAD /* Assets.xcassets */ = {isa = PBXFileReference; lastKnownFileType = folder.assetcatalog; path = Assets.xcassets; sourceTree = "<group>"; };
		69791CB120B76A520002DEAD /* Base */ = {isa = PBXFileReference; lastKnownFileType = file.storyboard; name = Base; path = Base.lproj/LaunchScreen.storyboard; sourceTree = "<group>"; };
		69791CB320B76A520002DEAD /* Info.plist */ = {isa = PBXFileReference; lastKnownFileType = text.plist.xml; path = Info.plist; sourceTree = "<group>"; };
		69791CBA20B76BA70002DEAD /* Constants.swift */ = {isa = PBXFileReference; fileEncoding = 4; lastKnownFileType = sourcecode.swift; path = Constants.swift; sourceTree = "<group>"; };
		69791CBC20B7AA500002DEAD /* APIManager.swift */ = {isa = PBXFileReference; fileEncoding = 4; lastKnownFileType = sourcecode.swift; path = APIManager.swift; sourceTree = "<group>"; };
		69791CBF20B7AAA70002DEAD /* ApiResponse.swift */ = {isa = PBXFileReference; fileEncoding = 4; lastKnownFileType = sourcecode.swift; path = ApiResponse.swift; sourceTree = "<group>"; };
		69791CC220B83A940002DEAD /* button_adicionar.png */ = {isa = PBXFileReference; lastKnownFileType = image.png; path = button_adicionar.png; sourceTree = "<group>"; };
		69791CC320B83A940002DEAD /* button_banco.png */ = {isa = PBXFileReference; lastKnownFileType = image.png; path = button_banco.png; sourceTree = "<group>"; };
		69791CC420B83A940002DEAD /* button_comprar.png */ = {isa = PBXFileReference; lastKnownFileType = image.png; path = button_comprar.png; sourceTree = "<group>"; };
		69791CC520B83A940002DEAD /* button_detalhes.png */ = {isa = PBXFileReference; lastKnownFileType = image.png; path = button_detalhes.png; sourceTree = "<group>"; };
		69791CC620B83A940002DEAD /* button_finalizar.png */ = {isa = PBXFileReference; lastKnownFileType = image.png; path = button_finalizar.png; sourceTree = "<group>"; };
		69791CC720B83A940002DEAD /* button_lixeira.png */ = {isa = PBXFileReference; lastKnownFileType = image.png; path = button_lixeira.png; sourceTree = "<group>"; };
		69791CC820B83A940002DEAD /* button_voltar.png */ = {isa = PBXFileReference; lastKnownFileType = image.png; path = button_voltar.png; sourceTree = "<group>"; };
		69791CD120B83B2A0002DEAD /* Clientes.xcdatamodel */ = {isa = PBXFileReference; lastKnownFileType = wrapper.xcdatamodel; path = Clientes.xcdatamodel; sourceTree = "<group>"; };
		69791CD320B83E330002DEAD /* entrar_button_c.png */ = {isa = PBXFileReference; lastKnownFileType = image.png; path = entrar_button_c.png; sourceTree = "<group>"; };
		69791CD520B83E430002DEAD /* registrar_button_c.png */ = {isa = PBXFileReference; lastKnownFileType = image.png; path = registrar_button_c.png; sourceTree = "<group>"; };
		69791CD820B8407F0002DEAD /* RegistrarClienteViewController.swift */ = {isa = PBXFileReference; fileEncoding = 4; lastKnownFileType = sourcecode.swift; path = RegistrarClienteViewController.swift; sourceTree = "<group>"; };
		69791CDA20B865450002DEAD /* LoginClienteViewController.swift */ = {isa = PBXFileReference; fileEncoding = 4; lastKnownFileType = sourcecode.swift; path = LoginClienteViewController.swift; sourceTree = "<group>"; };
		69791CDC20B901870002DEAD /* EntradaViewController.swift */ = {isa = PBXFileReference; fileEncoding = 4; lastKnownFileType = sourcecode.swift; path = EntradaViewController.swift; sourceTree = "<group>"; };
		69791CDF20B980050002DEAD /* AllRealmObjects.swift */ = {isa = PBXFileReference; fileEncoding = 4; lastKnownFileType = sourcecode.swift; path = AllRealmObjects.swift; sourceTree = "<group>"; };
		69791CE420B98D1B0002DEAD /* Cliente.swift */ = {isa = PBXFileReference; fileEncoding = 4; lastKnownFileType = sourcecode.swift; path = Cliente.swift; sourceTree = "<group>"; };
		69791CE720B9E7520002DEAD /* ListCriptoTableViewCell.swift */ = {isa = PBXFileReference; fileEncoding = 4; lastKnownFileType = sourcecode.swift; path = ListCriptoTableViewCell.swift; sourceTree = "<group>"; };
		69791CE920BA611F0002DEAD /* Brita.swift */ = {isa = PBXFileReference; fileEncoding = 4; lastKnownFileType = sourcecode.swift; path = Brita.swift; sourceTree = "<group>"; };
		69791CEB20BAE16C0002DEAD /* PerfilViewController.swift */ = {isa = PBXFileReference; fileEncoding = 4; lastKnownFileType = sourcecode.swift; path = PerfilViewController.swift; sourceTree = "<group>"; };
		69791CED20BAEC010002DEAD /* btn_comprar_moeda.png */ = {isa = PBXFileReference; lastKnownFileType = image.png; path = btn_comprar_moeda.png; sourceTree = "<group>"; };
		69791CEF20BAED5F0002DEAD /* btn_vender_moeda.png */ = {isa = PBXFileReference; lastKnownFileType = image.png; path = btn_vender_moeda.png; sourceTree = "<group>"; };
		69791CF320BAF48F0002DEAD /* btn_transacoes.png */ = {isa = PBXFileReference; lastKnownFileType = image.png; path = btn_transacoes.png; sourceTree = "<group>"; };
		69791CF520BAF6DF0002DEAD /* Moeda.swift */ = {isa = PBXFileReference; fileEncoding = 4; lastKnownFileType = sourcecode.swift; path = Moeda.swift; sourceTree = "<group>"; };
		69791CF720BAF84E0002DEAD /* ListMoedasTableViewCell.swift */ = {isa = PBXFileReference; fileEncoding = 4; lastKnownFileType = sourcecode.swift; path = ListMoedasTableViewCell.swift; sourceTree = "<group>"; };
		DFDD5516283F061DFCD3D09F /* Pods-wallet_stone.release.xcconfig */ = {isa = PBXFileReference; includeInIndex = 1; lastKnownFileType = text.xcconfig; name = "Pods-wallet_stone.release.xcconfig"; path = "Pods/Target Support Files/Pods-wallet_stone/Pods-wallet_stone.release.xcconfig"; sourceTree = "<group>"; };
/* End PBXFileReference section */

/* Begin PBXFrameworksBuildPhase section */
		69791CA120B76A520002DEAD /* Frameworks */ = {
			isa = PBXFrameworksBuildPhase;
			buildActionMask = 2147483647;
			files = (
				50DF3E150CA9456DF40E85EA /* Pods_wallet_stone.framework in Frameworks */,
			);
			runOnlyForDeploymentPostprocessing = 0;
		};
/* End PBXFrameworksBuildPhase section */

/* Begin PBXGroup section */
		5741A2267B4EEE7E2821E0F8 /* Pods */ = {
			isa = PBXGroup;
			children = (
				6706CD44EF552FB0AC33C779 /* Pods-wallet_stone.debug.xcconfig */,
				DFDD5516283F061DFCD3D09F /* Pods-wallet_stone.release.xcconfig */,
			);
			name = Pods;
			sourceTree = "<group>";
		};
		69791C9B20B76A520002DEAD = {
			isa = PBXGroup;
			children = (
				69791CD020B83B2A0002DEAD /* Clientes.xcdatamodeld */,
				69791CA620B76A520002DEAD /* wallet_stone */,
				69791CA520B76A520002DEAD /* Products */,
				5741A2267B4EEE7E2821E0F8 /* Pods */,
				CEBF8FF53AB762762ED17025 /* Frameworks */,
			);
			sourceTree = "<group>";
		};
		69791CA520B76A520002DEAD /* Products */ = {
			isa = PBXGroup;
			children = (
				69791CA420B76A520002DEAD /* wallet_stone.app */,
			);
			name = Products;
			sourceTree = "<group>";
		};
		69791CA620B76A520002DEAD /* wallet_stone */ = {
			isa = PBXGroup;
			children = (
				69791CDE20B97FEA0002DEAD /* Realm */,
				69791CE620B9E6570002DEAD /* Views */,
				69791CBE20B7AA950002DEAD /* Models */,
				69791CD720B840540002DEAD /* Controllers */,
				69791CC120B83A600002DEAD /* Assests */,
				69791CB920B76B3B0002DEAD /* Help */,
				69791CA720B76A520002DEAD /* AppDelegate.swift */,
				69791CAB20B76A520002DEAD /* Main.storyboard */,
				69791CAE20B76A520002DEAD /* Assets.xcassets */,
				69791CB020B76A520002DEAD /* LaunchScreen.storyboard */,
				69791CB320B76A520002DEAD /* Info.plist */,
			);
			path = wallet_stone;
			sourceTree = "<group>";
		};
		69791CB920B76B3B0002DEAD /* Help */ = {
			isa = PBXGroup;
			children = (
				69791CBA20B76BA70002DEAD /* Constants.swift */,
				69791CBC20B7AA500002DEAD /* APIManager.swift */,
			);
			name = Help;
			sourceTree = "<group>";
		};
		69791CBE20B7AA950002DEAD /* Models */ = {
			isa = PBXGroup;
			children = (
				69791CBF20B7AAA70002DEAD /* ApiResponse.swift */,
			);
			name = Models;
			sourceTree = "<group>";
		};
		69791CC120B83A600002DEAD /* Assests */ = {
			isa = PBXGroup;
			children = (
				69791CED20BAEC010002DEAD /* btn_comprar_moeda.png */,
				69791CEF20BAED5F0002DEAD /* btn_vender_moeda.png */,
				69791CF320BAF48F0002DEAD /* btn_transacoes.png */,
				69791CC220B83A940002DEAD /* button_adicionar.png */,
				69791CC320B83A940002DEAD /* button_banco.png */,
				69791CC420B83A940002DEAD /* button_comprar.png */,
				69791CC520B83A940002DEAD /* button_detalhes.png */,
				69791CC620B83A940002DEAD /* button_finalizar.png */,
				69791CC720B83A940002DEAD /* button_lixeira.png */,
				69791CC820B83A940002DEAD /* button_voltar.png */,
				69791CD320B83E330002DEAD /* entrar_button_c.png */,
				69791CD520B83E430002DEAD /* registrar_button_c.png */,
			);
			name = Assests;
			sourceTree = "<group>";
		};
		69791CD720B840540002DEAD /* Controllers */ = {
			isa = PBXGroup;
			children = (
				69791CA920B76A520002DEAD /* ViewController.swift */,
				69791CD820B8407F0002DEAD /* RegistrarClienteViewController.swift */,
				69791CDA20B865450002DEAD /* LoginClienteViewController.swift */,
				69791CDC20B901870002DEAD /* EntradaViewController.swift */,
				69791CEB20BAE16C0002DEAD /* PerfilViewController.swift */,
			);
			name = Controllers;
			sourceTree = "<group>";
		};
		69791CDE20B97FEA0002DEAD /* Realm */ = {
			isa = PBXGroup;
			children = (
				69791CE120B98CB90002DEAD /* Models */,
				69791CDF20B980050002DEAD /* AllRealmObjects.swift */,
			);
			name = Realm;
			sourceTree = "<group>";
		};
		69791CE120B98CB90002DEAD /* Models */ = {
			isa = PBXGroup;
			children = (
				69791CE420B98D1B0002DEAD /* Cliente.swift */,
				69791CE920BA611F0002DEAD /* Brita.swift */,
				69791CF520BAF6DF0002DEAD /* Moeda.swift */,
			);
			name = Models;
			sourceTree = "<group>";
		};
		69791CE620B9E6570002DEAD /* Views */ = {
			isa = PBXGroup;
			children = (
				69791CE720B9E7520002DEAD /* ListCriptoTableViewCell.swift */,
				69791CF720BAF84E0002DEAD /* ListMoedasTableViewCell.swift */,
			);
			name = Views;
			sourceTree = "<group>";
		};
		CEBF8FF53AB762762ED17025 /* Frameworks */ = {
			isa = PBXGroup;
			children = (
				3BDF7ED92A26AE790F6B0490 /* Pods_wallet_stone.framework */,
			);
			name = Frameworks;
			sourceTree = "<group>";
		};
/* End PBXGroup section */

/* Begin PBXNativeTarget section */
		69791CA320B76A520002DEAD /* wallet_stone */ = {
			isa = PBXNativeTarget;
			buildConfigurationList = 69791CB620B76A520002DEAD /* Build configuration list for PBXNativeTarget "wallet_stone" */;
			buildPhases = (
				4A1331772879E9AD9BB8D736 /* 📦 Check Pods Manifest.lock */,
				69791CA020B76A520002DEAD /* Sources */,
				69791CA120B76A520002DEAD /* Frameworks */,
				69791CA220B76A520002DEAD /* Resources */,
				3308D2D11D1882A408A9C894 /* 📦 Embed Pods Frameworks */,
				F87470824287C8B90F3979E6 /* 📦 Copy Pods Resources */,
			);
			buildRules = (
			);
			dependencies = (
			);
			name = wallet_stone;
			productName = wallet_stone;
			productReference = 69791CA420B76A520002DEAD /* wallet_stone.app */;
			productType = "com.apple.product-type.application";
		};
/* End PBXNativeTarget section */

/* Begin PBXProject section */
		69791C9C20B76A520002DEAD /* Project object */ = {
			isa = PBXProject;
			attributes = {
				LastSwiftUpdateCheck = 0830;
				LastUpgradeCheck = 0830;
				ORGANIZATIONNAME = "Luis Felipe Tapajos";
				TargetAttributes = {
					69791CA320B76A520002DEAD = {
						CreatedOnToolsVersion = 8.3.2;
						DevelopmentTeam = WKFLY4V8UQ;
						ProvisioningStyle = Automatic;
					};
				};
			};
			buildConfigurationList = 69791C9F20B76A520002DEAD /* Build configuration list for PBXProject "wallet_stone" */;
			compatibilityVersion = "Xcode 3.2";
			developmentRegion = English;
			hasScannedForEncodings = 0;
			knownRegions = (
				en,
				Base,
			);
			mainGroup = 69791C9B20B76A520002DEAD;
			productRefGroup = 69791CA520B76A520002DEAD /* Products */;
			projectDirPath = "";
			projectRoot = "";
			targets = (
				69791CA320B76A520002DEAD /* wallet_stone */,
			);
		};
/* End PBXProject section */

/* Begin PBXResourcesBuildPhase section */
		69791CA220B76A520002DEAD /* Resources */ = {
			isa = PBXResourcesBuildPhase;
			buildActionMask = 2147483647;
			files = (
				69791CF420BAF48F0002DEAD /* btn_transacoes.png in Resources */,
				69791CCC20B83A940002DEAD /* button_detalhes.png in Resources */,
				69791CCF20B83A940002DEAD /* button_voltar.png in Resources */,
				69791CC920B83A940002DEAD /* button_adicionar.png in Resources */,
				69791CCD20B83A940002DEAD /* button_finalizar.png in Resources */,
				69791CCE20B83A940002DEAD /* button_lixeira.png in Resources */,
				69791CD620B83E430002DEAD /* registrar_button_c.png in Resources */,
				69791CCA20B83A940002DEAD /* button_banco.png in Resources */,
				69791CB220B76A520002DEAD /* LaunchScreen.storyboard in Resources */,
				69791CD420B83E330002DEAD /* entrar_button_c.png in Resources */,
				69791CF020BAED5F0002DEAD /* btn_vender_moeda.png in Resources */,
				69791CEE20BAEC010002DEAD /* btn_comprar_moeda.png in Resources */,
				69791CAF20B76A520002DEAD /* Assets.xcassets in Resources */,
				69791CCB20B83A940002DEAD /* button_comprar.png in Resources */,
				69791CAD20B76A520002DEAD /* Main.storyboard in Resources */,
			);
			runOnlyForDeploymentPostprocessing = 0;
		};
/* End PBXResourcesBuildPhase section */

/* Begin PBXShellScriptBuildPhase section */
		3308D2D11D1882A408A9C894 /* 📦 Embed Pods Frameworks */ = {
			isa = PBXShellScriptBuildPhase;
			buildActionMask = 2147483647;
			files = (
			);
			inputPaths = (
			);
			name = "📦 Embed Pods Frameworks";
			outputPaths = (
			);
			runOnlyForDeploymentPostprocessing = 0;
			shellPath = /bin/sh;
			shellScript = "\"${SRCROOT}/Pods/Target Support Files/Pods-wallet_stone/Pods-wallet_stone-frameworks.sh\"\n";
			showEnvVarsInLog = 0;
		};
		4A1331772879E9AD9BB8D736 /* 📦 Check Pods Manifest.lock */ = {
			isa = PBXShellScriptBuildPhase;
			buildActionMask = 2147483647;
			files = (
			);
			inputPaths = (
			);
			name = "📦 Check Pods Manifest.lock";
			outputPaths = (
			);
			runOnlyForDeploymentPostprocessing = 0;
			shellPath = /bin/sh;
			shellScript = "diff \"${PODS_ROOT}/../Podfile.lock\" \"${PODS_ROOT}/Manifest.lock\" > /dev/null\nif [[ $? != 0 ]] ; then\n    cat << EOM\nerror: The sandbox is not in sync with the Podfile.lock. Run 'pod install' or update your CocoaPods installation.\nEOM\n    exit 1\nfi\n";
			showEnvVarsInLog = 0;
		};
		F87470824287C8B90F3979E6 /* 📦 Copy Pods Resources */ = {
			isa = PBXShellScriptBuildPhase;
			buildActionMask = 2147483647;
			files = (
			);
			inputPaths = (
			);
			name = "📦 Copy Pods Resources";
			outputPaths = (
			);
			runOnlyForDeploymentPostprocessing = 0;
			shellPath = /bin/sh;
			shellScript = "\"${SRCROOT}/Pods/Target Support Files/Pods-wallet_stone/Pods-wallet_stone-resources.sh\"\n";
			showEnvVarsInLog = 0;
		};
/* End PBXShellScriptBuildPhase section */

/* Begin PBXSourcesBuildPhase section */
		69791CA020B76A520002DEAD /* Sources */ = {
			isa = PBXSourcesBuildPhase;
			buildActionMask = 2147483647;
			files = (
				69791CF820BAF84E0002DEAD /* ListMoedasTableViewCell.swift in Sources */,
				69791CE820B9E7520002DEAD /* ListCriptoTableViewCell.swift in Sources */,
				69791CD220B83B2A0002DEAD /* Clientes.xcdatamodeld in Sources */,
				69791CBD20B7AA500002DEAD /* APIManager.swift in Sources */,
				69791CDD20B901870002DEAD /* EntradaViewController.swift in Sources */,
				69791CAA20B76A520002DEAD /* ViewController.swift in Sources */,
				69791CE520B98D1B0002DEAD /* Cliente.swift in Sources */,
				69791CA820B76A520002DEAD /* AppDelegate.swift in Sources */,
				69791CF620BAF6DF0002DEAD /* Moeda.swift in Sources */,
				69791CC020B7AAA70002DEAD /* ApiResponse.swift in Sources */,
				69791CBB20B76BA70002DEAD /* Constants.swift in Sources */,
				69791CDB20B865450002DEAD /* LoginClienteViewController.swift in Sources */,
				69791CE020B980050002DEAD /* AllRealmObjects.swift in Sources */,
				69791CEA20BA611F0002DEAD /* Brita.swift in Sources */,
				69791CEC20BAE16C0002DEAD /* PerfilViewController.swift in Sources */,
				69791CD920B8407F0002DEAD /* RegistrarClienteViewController.swift in Sources */,
			);
			runOnlyForDeploymentPostprocessing = 0;
		};
/* End PBXSourcesBuildPhase section */

/* Begin PBXVariantGroup section */
		69791CAB20B76A520002DEAD /* Main.storyboard */ = {
			isa = PBXVariantGroup;
			children = (
				69791CAC20B76A520002DEAD /* Base */,
			);
			name = Main.storyboard;
			sourceTree = "<group>";
		};
		69791CB020B76A520002DEAD /* LaunchScreen.storyboard */ = {
			isa = PBXVariantGroup;
			children = (
				69791CB120B76A520002DEAD /* Base */,
			);
			name = LaunchScreen.storyboard;
			sourceTree = "<group>";
		};
/* End PBXVariantGroup section */

/* Begin XCBuildConfiguration section */
		69791CB420B76A520002DEAD /* Debug */ = {
			isa = XCBuildConfiguration;
			buildSettings = {
				ALWAYS_SEARCH_USER_PATHS = NO;
				CLANG_ANALYZER_NONNULL = YES;
				CLANG_ANALYZER_NUMBER_OBJECT_CONVERSION = YES_AGGRESSIVE;
				CLANG_CXX_LANGUAGE_STANDARD = "gnu++0x";
				CLANG_CXX_LIBRARY = "libc++";
				CLANG_ENABLE_MODULES = YES;
				CLANG_ENABLE_OBJC_ARC = YES;
				CLANG_WARN_BOOL_CONVERSION = YES;
				CLANG_WARN_CONSTANT_CONVERSION = YES;
				CLANG_WARN_DIRECT_OBJC_ISA_USAGE = YES_ERROR;
				CLANG_WARN_DOCUMENTATION_COMMENTS = YES;
				CLANG_WARN_EMPTY_BODY = YES;
				CLANG_WARN_ENUM_CONVERSION = YES;
				CLANG_WARN_INFINITE_RECURSION = YES;
				CLANG_WARN_INT_CONVERSION = YES;
				CLANG_WARN_OBJC_ROOT_CLASS = YES_ERROR;
				CLANG_WARN_SUSPICIOUS_MOVE = YES;
				CLANG_WARN_UNREACHABLE_CODE = YES;
				CLANG_WARN__DUPLICATE_METHOD_MATCH = YES;
				"CODE_SIGN_IDENTITY[sdk=iphoneos*]" = "iPhone Developer";
				COPY_PHASE_STRIP = NO;
				DEBUG_INFORMATION_FORMAT = dwarf;
				ENABLE_STRICT_OBJC_MSGSEND = YES;
				ENABLE_TESTABILITY = YES;
				GCC_C_LANGUAGE_STANDARD = gnu99;
				GCC_DYNAMIC_NO_PIC = NO;
				GCC_NO_COMMON_BLOCKS = YES;
				GCC_OPTIMIZATION_LEVEL = 0;
				GCC_PREPROCESSOR_DEFINITIONS = (
					"DEBUG=1",
					"$(inherited)",
				);
				GCC_WARN_64_TO_32_BIT_CONVERSION = YES;
				GCC_WARN_ABOUT_RETURN_TYPE = YES_ERROR;
				GCC_WARN_UNDECLARED_SELECTOR = YES;
				GCC_WARN_UNINITIALIZED_AUTOS = YES_AGGRESSIVE;
				GCC_WARN_UNUSED_FUNCTION = YES;
				GCC_WARN_UNUSED_VARIABLE = YES;
				IPHONEOS_DEPLOYMENT_TARGET = 10.3;
				MTL_ENABLE_DEBUG_INFO = YES;
				ONLY_ACTIVE_ARCH = YES;
				SDKROOT = iphoneos;
				SWIFT_ACTIVE_COMPILATION_CONDITIONS = DEBUG;
				SWIFT_OPTIMIZATION_LEVEL = "-Onone";
			};
			name = Debug;
		};
		69791CB520B76A520002DEAD /* Release */ = {
			isa = XCBuildConfiguration;
			buildSettings = {
				ALWAYS_SEARCH_USER_PATHS = NO;
				CLANG_ANALYZER_NONNULL = YES;
				CLANG_ANALYZER_NUMBER_OBJECT_CONVERSION = YES_AGGRESSIVE;
				CLANG_CXX_LANGUAGE_STANDARD = "gnu++0x";
				CLANG_CXX_LIBRARY = "libc++";
				CLANG_ENABLE_MODULES = YES;
				CLANG_ENABLE_OBJC_ARC = YES;
				CLANG_WARN_BOOL_CONVERSION = YES;
				CLANG_WARN_CONSTANT_CONVERSION = YES;
				CLANG_WARN_DIRECT_OBJC_ISA_USAGE = YES_ERROR;
				CLANG_WARN_DOCUMENTATION_COMMENTS = YES;
				CLANG_WARN_EMPTY_BODY = YES;
				CLANG_WARN_ENUM_CONVERSION = YES;
				CLANG_WARN_INFINITE_RECURSION = YES;
				CLANG_WARN_INT_CONVERSION = YES;
				CLANG_WARN_OBJC_ROOT_CLASS = YES_ERROR;
				CLANG_WARN_SUSPICIOUS_MOVE = YES;
				CLANG_WARN_UNREACHABLE_CODE = YES;
				CLANG_WARN__DUPLICATE_METHOD_MATCH = YES;
				"CODE_SIGN_IDENTITY[sdk=iphoneos*]" = "iPhone Developer";
				COPY_PHASE_STRIP = NO;
				DEBUG_INFORMATION_FORMAT = "dwarf-with-dsym";
				ENABLE_NS_ASSERTIONS = NO;
				ENABLE_STRICT_OBJC_MSGSEND = YES;
				GCC_C_LANGUAGE_STANDARD = gnu99;
				GCC_NO_COMMON_BLOCKS = YES;
				GCC_WARN_64_TO_32_BIT_CONVERSION = YES;
				GCC_WARN_ABOUT_RETURN_TYPE = YES_ERROR;
				GCC_WARN_UNDECLARED_SELECTOR = YES;
				GCC_WARN_UNINITIALIZED_AUTOS = YES_AGGRESSIVE;
				GCC_WARN_UNUSED_FUNCTION = YES;
				GCC_WARN_UNUSED_VARIABLE = YES;
				IPHONEOS_DEPLOYMENT_TARGET = 10.3;
				MTL_ENABLE_DEBUG_INFO = NO;
				SDKROOT = iphoneos;
				SWIFT_OPTIMIZATION_LEVEL = "-Owholemodule";
				VALIDATE_PRODUCT = YES;
			};
			name = Release;
		};
		69791CB720B76A520002DEAD /* Debug */ = {
			isa = XCBuildConfiguration;
			baseConfigurationReference = 6706CD44EF552FB0AC33C779 /* Pods-wallet_stone.debug.xcconfig */;
			buildSettings = {
				ALWAYS_EMBED_SWIFT_STANDARD_LIBRARIES = YES;
				ASSETCATALOG_COMPILER_APPICON_NAME = AppIcon;
				DEVELOPMENT_TEAM = WKFLY4V8UQ;
				INFOPLIST_FILE = wallet_stone/Info.plist;
				LD_RUNPATH_SEARCH_PATHS = "$(inherited) @executable_path/Frameworks";
				PRODUCT_BUNDLE_IDENTIFIER = "br.com.stone.wallet-stone";
				PRODUCT_NAME = "$(TARGET_NAME)";
				SWIFT_VERSION = 3.0;
			};
			name = Debug;
		};
		69791CB820B76A520002DEAD /* Release */ = {
			isa = XCBuildConfiguration;
			baseConfigurationReference = DFDD5516283F061DFCD3D09F /* Pods-wallet_stone.release.xcconfig */;
			buildSettings = {
				ALWAYS_EMBED_SWIFT_STANDARD_LIBRARIES = YES;
				ASSETCATALOG_COMPILER_APPICON_NAME = AppIcon;
				DEVELOPMENT_TEAM = WKFLY4V8UQ;
				INFOPLIST_FILE = wallet_stone/Info.plist;
				LD_RUNPATH_SEARCH_PATHS = "$(inherited) @executable_path/Frameworks";
				PRODUCT_BUNDLE_IDENTIFIER = "br.com.stone.wallet-stone";
				PRODUCT_NAME = "$(TARGET_NAME)";
				SWIFT_VERSION = 3.0;
			};
			name = Release;
		};
/* End XCBuildConfiguration section */

/* Begin XCConfigurationList section */
		69791C9F20B76A520002DEAD /* Build configuration list for PBXProject "wallet_stone" */ = {
			isa = XCConfigurationList;
			buildConfigurations = (
				69791CB420B76A520002DEAD /* Debug */,
				69791CB520B76A520002DEAD /* Release */,
			);
			defaultConfigurationIsVisible = 0;
			defaultConfigurationName = Release;
		};
		69791CB620B76A520002DEAD /* Build configuration list for PBXNativeTarget "wallet_stone" */ = {
			isa = XCConfigurationList;
			buildConfigurations = (
				69791CB720B76A520002DEAD /* Debug */,
				69791CB820B76A520002DEAD /* Release */,
			);
			defaultConfigurationIsVisible = 0;
			defaultConfigurationName = Release;
		};
/* End XCConfigurationList section */

/* Begin XCVersionGroup section */
		69791CD020B83B2A0002DEAD /* Clientes.xcdatamodeld */ = {
			isa = XCVersionGroup;
			children = (
				69791CD120B83B2A0002DEAD /* Clientes.xcdatamodel */,
			);
			currentVersion = 69791CD120B83B2A0002DEAD /* Clientes.xcdatamodel */;
			path = Clientes.xcdatamodeld;
			sourceTree = "<group>";
			versionGroupType = wrapper.xcdatamodel;
		};
/* End XCVersionGroup section */
	};
	rootObject = 69791C9C20B76A520002DEAD /* Project object */;
}
